
Microsoft Visual Studio Solution File, Format Version 12.00
# Visual Studio Version 17
VisualStudioVersion = 17.14.37411.7 d17.14
MinimumVisualStudioVersion = 10.0.40219.1
Project("{FAE04EC0-301F-11D3-BF4B-00C04F79EFBC}") = "GemApi", "GemApi.csproj", "{6834B1A0-7C1C-4AB3-85FE-34938C4CC3BC}"
EndProject
Global
	GlobalSection(SolutionConfigurationPlatforms) = preSolution
		Debug|Any CPU = Debug|Any CPU
		Release|Any CPU = Release|Any CPU
	EndGlobalSection
	GlobalSection(ProjectConfigurationPlatforms) = postSolution
		{6834B1A0-7C1C-4AB3-85FE-34938C4CC3BC}.Debug|Any CPU.ActiveCfg = Debug|Any CPU
		{6834B1A0-7C1C-4AB3-85FE-34938C4CC3BC}.Debug|Any CPU.Build.0 = Debug|Any CPU
		{6834B1A0-7C1C-4AB3-85FE-34938C4CC3BC}.Release|Any CPU.ActiveCfg = Release|Any CPU
		{6834B1A0-7C1C-4AB3-85FE-34938C4CC3BC}.Release|Any CPU.Build.0 = Release|Any CPU
	EndGlobalSection
	GlobalSection(SolutionProperties) = preSolution
		HideSolutionNode = FALSE
	EndGlobalSection
	GlobalSection(ExtensibilityGlobals) = postSolution
		SolutionGuid = {6E13CF4F-F3DD-4FC1-AAFA-CBA4070F514F}
	EndGlobalSection
EndGlobal
